
Microsoft Visual Studio Solution File, Format Version 12.00
# Visual Studio Version 16
VisualStudioVersion = 16.0.30114.105
MinimumVisualStudioVersion = 10.0.40219.1
Project("{FAE04EC0-301F-11D3-BF4B-00C04F79EFBC}") = "RocketChatUWP", "RocketChatUWP\RocketChatUWP.csproj", "{32E42992-2642-4D22-9B6F-ACF75B1E86AC}"
EndProject
Project("{9A19103F-16F7-4668-BE54-9A1E7A4F7556}") = "RocketChatUWP.Core", "RocketChatUWP.Core\RocketChatUWP.Core.csproj", "{2744F48D-E9CD-418D-836A-FEA7432F3198}"
EndProject
Global
	GlobalSection(SolutionConfigurationPlatforms) = preSolution
		Debug|Any CPU = Debug|Any CPU
		Debug|ARM = Debug|ARM
		Debug|ARM64 = Debug|ARM64
		Debug|x64 = Debug|x64
		Debug|x86 = Debug|x86
		Release|Any CPU = Release|Any CPU
		Release|ARM = Release|ARM
		Release|ARM64 = Release|ARM64
		Release|x64 = Release|x64
		Release|x86 = Release|x86
	EndGlobalSection
	GlobalSection(ProjectConfigurationPlatforms) = postSolution
		{32E42992-2642-4D22-9B6F-ACF75B1E86AC}.Debug|Any CPU.ActiveCfg = Debug|x86
		{32E42992-2642-4D22-9B6F-ACF75B1E86AC}.Debug|ARM.ActiveCfg = Debug|ARM
		{32E42992-2642-4D22-9B6F-ACF75B1E86AC}.Debug|ARM.Build.0 = Debug|ARM
		{32E42992-2642-4D22-9B6F-ACF75B1E86AC}.Debug|ARM.Deploy.0 = Debug|ARM
		{32E42992-2642-4D22-9B6F-ACF75B1E86AC}.Debug|ARM64.ActiveCfg = Debug|ARM64
		{32E42992-2642-4D22-9B6F-ACF75B1E86AC}.Debug|ARM64.Build.0 = Debug|ARM64
		{32E42992-2642-4D22-9B6F-ACF75B1E86AC}.Debug|ARM64.Deploy.0 = Debug|ARM64
		{32E42992-2642-4D22-9B6F-ACF75B1E86AC}.Debug|x64.ActiveCfg = Debug|x64
		{32E42992-2642-4D22-9B6F-ACF75B1E86AC}.Debug|x64.Build.0 = Debug|x64
		{32E42992-2642-4D22-9B6F-ACF75B1E86AC}.Debug|x64.Deploy.0 = Debug|x64
		{32E42992-2642-4D22-9B6F-ACF75B1E86AC}.Debug|x86.ActiveCfg = Debug|x86
		{32E42992-2642-4D22-9B6F-ACF75B1E86AC}.Debug|x86.Build.0 = Debug|x86
		{32E42992-2642-4D22-9B6F-ACF75B1E86AC}.Debug|x86.Deploy.0 = Debug|x86
		{32E42992-2642-4D22-9B6F-ACF75B1E86AC}.Release|Any CPU.ActiveCfg = Release|x86
		{32E42992-2642-4D22-9B6F-ACF75B1E86AC}.Release|ARM.ActiveCfg = Release|ARM
		{32E42992-2642-4D22-9B6F-ACF75B1E86AC}.Release|ARM.Build.0 = Release|ARM
		{32E42992-2642-4D22-9B6F-ACF75B1E86AC}.Release|ARM.Deploy.0 = Release|ARM
		{32E42992-2642-4D22-9B6F-ACF75B1E86AC}.Release|ARM64.ActiveCfg = Release|ARM64
		{32E42992-2642-4D22-9B6F-ACF75B1E86AC}.Release|ARM64.Build.0 = Release|ARM64
		{32E42992-2642-4D22-9B6F-ACF75B1E86AC}.Release|ARM64.Deploy.0 = Release|ARM64
		{32E42992-2642-4D22-9B6F-ACF75B1E86AC}.Release|x64.ActiveCfg = Release|x64
		{32E42992-2642-4D22-9B6F-ACF75B1E86AC}.Release|x64.Build.0 = Release|x64
		{32E42992-2642-4D22-9B6F-ACF75B1E86AC}.Release|x64.Deploy.0 = Release|x64
		{32E42992-2642-4D22-9B6F-ACF75B1E86AC}.Release|x86.ActiveCfg = Release|x86
		{32E42992-2642-4D22-9B6F-ACF75B1E86AC}.Release|x86.Build.0 = Release|x86
		{32E42992-2642-4D22-9B6F-ACF75B1E86AC}.Release|x86.Deploy.0 = Release|x86
		{2744F48D-E9CD-418D-836A-FEA7432F3198}.Debug|Any CPU.ActiveCfg = Debug|Any CPU
		{2744F48D-E9CD-418D-836A-FEA7432F3198}.Debug|Any CPU.Build.0 = Debug|Any CPU
		{2744F48D-E9CD-418D-836A-FEA7432F3198}.Debug|ARM.ActiveCfg = Debug|Any CPU
		{2744F48D-E9CD-418D-836A-FEA7432F3198}.Debug|ARM.Build.0 = Debug|Any CPU
		{2744F48D-E9CD-418D-836A-FEA7432F3198}.Debug|ARM64.ActiveCfg = Debug|Any CPU
		{2744F48D-E9CD-418D-836A-FEA7432F3198}.Debug|ARM64.Build.0 = Debug|Any CPU
		{2744F48D-E9CD-418D-836A-FEA7432F3198}.Debug|x64.ActiveCfg = Debug|Any CPU
		{2744F48D-E9CD-418D-836A-FEA7432F3198}.Debug|x64.Build.0 = Debug|Any CPU
		{2744F48D-E9CD-418D-836A-FEA7432F3198}.Debug|x86.ActiveCfg = Debug|Any CPU
		{2744F48D-E9CD-418D-836A-FEA7432F3198}.Debug|x86.Build.0 = Debug|Any CPU
		{2744F48D-E9CD-418D-836A-FEA7432F3198}.Release|Any CPU.ActiveCfg = Release|Any CPU
		{2744F48D-E9CD-418D-836A-FEA7432F3198}.Release|Any CPU.Build.0 = Release|Any CPU
		{2744F48D-E9CD-418D-836A-FEA7432F3198}.Release|ARM.ActiveCfg = Release|Any CPU
		{2744F48D-E9CD-418D-836A-FEA7432F3198}.Release|ARM.Build.0 = Release|Any CPU
		{2744F48D-E9CD-418D-836A-FEA7432F3198}.Release|ARM64.ActiveCfg = Release|Any CPU
		{2744F48D-E9CD-418D-836A-FEA7432F3198}.Release|ARM64.Build.0 = Release|Any CPU
		{2744F48D-E9CD-418D-836A-FEA7432F3198}.Release|x64.ActiveCfg = Release|Any CPU
		{2744F48D-E9CD-418D-836A-FEA7432F3198}.Release|x64.Build.0 = Release|Any CPU
		{2744F48D-E9CD-418D-836A-FEA7432F3198}.Release|x86.ActiveCfg = Release|Any CPU
		{2744F48D-E9CD-418D-836A-FEA7432F3198}.Release|x86.Build.0 = Release|Any CPU
	EndGlobalSection
	GlobalSection(SolutionProperties) = preSolution
		HideSolutionNode = FALSE
	EndGlobalSection
	GlobalSection(ExtensibilityGlobals) = postSolution
		SolutionGuid = {3AE0A13E-741A-4A53-85A3-4FAC6436DB7B}
	EndGlobalSection
EndGlobal
